
Microsoft Visual Studio Solution File, Format Version 12.00
# Visual Studio 15
VisualStudioVersion = 15.0.27130.2010
MinimumVisualStudioVersion = 10.0.40219.1
Project("{E24C65DC-7377-472B-9ABA-BC803B73C61A}") = "DBRefactoringWEB", "DBRefactoringWEB\", "{D345A165-5BF8-4ADC-88F0-112EE2C89A46}"
	ProjectSection(WebsiteProperties) = preProject
		TargetFrameworkMoniker = ".NETFramework,Version%3Dv4.6.1"
		Debug.AspNetCompiler.VirtualPath = "/localhost_55129"
		Debug.AspNetCompiler.PhysicalPath = "DBRefactoringWEB\"
		Debug.AspNetCompiler.TargetPath = "PrecompiledWeb\localhost_55129\"
		Debug.AspNetCompiler.Updateable = "true"
		Debug.AspNetCompiler.ForceOverwrite = "true"
		Debug.AspNetCompiler.FixedNames = "false"
		Debug.AspNetCompiler.Debug = "True"
		Release.AspNetCompiler.VirtualPath = "/localhost_55129"
		Release.AspNetCompiler.PhysicalPath = "DBRefactoringWEB\"
		Release.AspNetCompiler.TargetPath = "PrecompiledWeb\localhost_55129\"
		Release.AspNetCompiler.Updateable = "true"
		Release.AspNetCompiler.ForceOverwrite = "true"
		Release.AspNetCompiler.FixedNames = "false"
		Release.AspNetCompiler.Debug = "False"
		VWDPort = "55129"
		SlnRelativePath = "DBRefactoringWEB\"
		DefaultWebSiteLanguage = "Visual C#"
	EndProjectSection
EndProject
Global
	GlobalSection(SolutionConfigurationPlatforms) = preSolution
		Debug|Any CPU = Debug|Any CPU
	EndGlobalSection
	GlobalSection(ProjectConfigurationPlatforms) = postSolution
		{D345A165-5BF8-4ADC-88F0-112EE2C89A46}.Debug|Any CPU.ActiveCfg = Debug|Any CPU
		{D345A165-5BF8-4ADC-88F0-112EE2C89A46}.Debug|Any CPU.Build.0 = Debug|Any CPU
	EndGlobalSection
	GlobalSection(SolutionProperties) = preSolution
		HideSolutionNode = FALSE
	EndGlobalSection
	GlobalSection(ExtensibilityGlobals) = postSolution
		SolutionGuid = {D45ABF5F-A7CB-46B2-A577-97C1CB464313}
	EndGlobalSection
EndGlobal
